
Microsoft Visual Studio Solution File, Format Version 12.00
Project("{F2A71F9B-5D33-465A-A702-920D77279786}") = "CategoryTheoryForProgrammers", "CategoryTheoryForProgrammers\CategoryTheoryForProgrammers.fsproj", "{1E76A909-D1C1-486E-B4A6-AF4DF154984B}"
EndProject
Global
	GlobalSection(SolutionConfigurationPlatforms) = preSolution
		Debug|Any CPU = Debug|Any CPU
		Release|Any CPU = Release|Any CPU
	EndGlobalSection
	GlobalSection(ProjectConfigurationPlatforms) = postSolution
		{1E76A909-D1C1-486E-B4A6-AF4DF154984B}.Debug|Any CPU.ActiveCfg = Debug|Any CPU
		{1E76A909-D1C1-486E-B4A6-AF4DF154984B}.Debug|Any CPU.Build.0 = Debug|Any CPU
		{1E76A909-D1C1-486E-B4A6-AF4DF154984B}.Release|Any CPU.ActiveCfg = Release|Any CPU
		{1E76A909-D1C1-486E-B4A6-AF4DF154984B}.Release|Any CPU.Build.0 = Release|Any CPU
	EndGlobalSection
EndGlobal
